
Microsoft Visual Studio Solution File, Format Version 12.00
# Visual Studio Version 16
VisualStudioVersion = 16.0.29609.76
MinimumVisualStudioVersion = 10.0.40219.1
Project("{F184B08F-C81C-45F6-A57F-5ABD9991F28F}") = "csharpBPA2014", "csharpBPA2014\csharpBPA2014.vbproj", "{D4C00576-1AAB-4730-B01D-772DA1A1DF03}"
EndProject
Global
	GlobalSection(SolutionConfigurationPlatforms) = preSolution
		Debug|Any CPU = Debug|Any CPU
		Release|Any CPU = Release|Any CPU
	EndGlobalSection
	GlobalSection(ProjectConfigurationPlatforms) = postSolution
		{D4C00576-1AAB-4730-B01D-772DA1A1DF03}.Debug|Any CPU.ActiveCfg = Debug|Any CPU
		{D4C00576-1AAB-4730-B01D-772DA1A1DF03}.Debug|Any CPU.Build.0 = Debug|Any CPU
		{D4C00576-1AAB-4730-B01D-772DA1A1DF03}.Release|Any CPU.ActiveCfg = Release|Any CPU
		{D4C00576-1AAB-4730-B01D-772DA1A1DF03}.Release|Any CPU.Build.0 = Release|Any CPU
	EndGlobalSection
	GlobalSection(SolutionProperties) = preSolution
		HideSolutionNode = FALSE
	EndGlobalSection
	GlobalSection(ExtensibilityGlobals) = postSolution
		SolutionGuid = {074A46E0-547A-4940-B0BC-02C55C64077F}
	EndGlobalSection
EndGlobal
